
Microsoft Visual Studio Solution File, Format Version 12.00
# Visual Studio Version 17
VisualStudioVersion = 17.0.32014.148
MinimumVisualStudioVersion = 10.0.40219.1
Project("{FAE04EC0-301F-11D3-BF4B-00C04F79EFBC}") = "ServerSocket", "ServerSocket\ServerSocket.csproj", "{C6E52297-662F-4273-9075-B451D84C597C}"
EndProject
Project("{FAE04EC0-301F-11D3-BF4B-00C04F79EFBC}") = "ClientSocket", "ClientSocket\ClientSocket.csproj", "{9EC8BE9B-7CDA-4BA9-9D59-CAD225F15CF6}"
EndProject
Global
	GlobalSection(SolutionConfigurationPlatforms) = preSolution
		Debug|Any CPU = Debug|Any CPU
		Release|Any CPU = Release|Any CPU
	EndGlobalSection
	GlobalSection(ProjectConfigurationPlatforms) = postSolution
		{C6E52297-662F-4273-9075-B451D84C597C}.Debug|Any CPU.ActiveCfg = Debug|Any CPU
		{C6E52297-662F-4273-9075-B451D84C597C}.Debug|Any CPU.Build.0 = Debug|Any CPU
		{C6E52297-662F-4273-9075-B451D84C597C}.Release|Any CPU.ActiveCfg = Release|Any CPU
		{C6E52297-662F-4273-9075-B451D84C597C}.Release|Any CPU.Build.0 = Release|Any CPU
		{9EC8BE9B-7CDA-4BA9-9D59-CAD225F15CF6}.Debug|Any CPU.ActiveCfg = Debug|Any CPU
		{9EC8BE9B-7CDA-4BA9-9D59-CAD225F15CF6}.Debug|Any CPU.Build.0 = Debug|Any CPU
		{9EC8BE9B-7CDA-4BA9-9D59-CAD225F15CF6}.Release|Any CPU.ActiveCfg = Release|Any CPU
		{9EC8BE9B-7CDA-4BA9-9D59-CAD225F15CF6}.Release|Any CPU.Build.0 = Release|Any CPU
	EndGlobalSection
	GlobalSection(SolutionProperties) = preSolution
		HideSolutionNode = FALSE
	EndGlobalSection
	GlobalSection(ExtensibilityGlobals) = postSolution
		SolutionGuid = {6AA7D489-9771-4804-8623-F5DE2BC12175}
	EndGlobalSection
EndGlobal
